# THIS IS AN AUTOGENERATED FILE. DO NOT EDIT THIS FILE DIRECTLY.
# yarn lockfile v1


"@sentry/browser@^5.30.0":
  version "5.30.0"
  resolved "https://registry.yarnpkg.com/@sentry/browser/-/browser-5.30.0.tgz#c28f49d551db3172080caef9f18791a7fd39e3b3"
  integrity sha512-rOb58ZNVJWh1VuMuBG1mL9r54nZqKeaIlwSlvzJfc89vyfd7n6tQ1UXMN383QBz/MS5H5z44Hy5eE+7pCrYAfw==
  dependencies:
    "@sentry/core" "5.30.0"
    "@sentry/types" "5.30.0"
    "@sentry/utils" "5.30.0"
    tslib "^1.9.3"

"@sentry/core@5.30.0":
  version "5.30.0"
  resolved "https://registry.yarnpkg.com/@sentry/core/-/core-5.30.0.tgz#6b203664f69e75106ee8b5a2fe1d717379b331f3"
  integrity sha512-TmfrII8w1PQZSZgPpUESqjB+jC6MvZJZdLtE/0hZ+SrnKhW3x5WlYLvTXZpcWePYBku7rl2wn1RZu6uT0qCTeg==
  dependencies:
    "@sentry/hub" "5.30.0"
    "@sentry/minimal" "5.30.0"
    "@sentry/types" "5.30.0"
    "@sentry/utils" "5.30.0"
    tslib "^1.9.3"

"@sentry/hub@5.30.0":
  version "5.30.0"
  resolved "https://registry.yarnpkg.com/@sentry/hub/-/hub-5.30.0.tgz#2453be9b9cb903404366e198bd30c7ca74cdc100"
  integrity sha512-2tYrGnzb1gKz2EkMDQcfLrDTvmGcQPuWxLnJKXJvYTQDGLlEvi2tWz1VIHjunmOvJrB5aIQLhm+dcMRwFZDCqQ==
  dependencies:
    "@sentry/types" "5.30.0"
    "@sentry/utils" "5.30.0"
    tslib "^1.9.3"

"@sentry/minimal@5.30.0":
  version "5.30.0"
  resolved "https://registry.yarnpkg.com/@sentry/minimal/-/minimal-5.30.0.tgz#ce3d3a6a273428e0084adcb800bc12e72d34637b"
  integrity sha512-BwWb/owZKtkDX+Sc4zCSTNcvZUq7YcH3uAVlmh/gtR9rmUvbzAA3ewLuB3myi4wWRAMEtny6+J/FN/x+2wn9Xw==
  dependencies:
    "@sentry/hub" "5.30.0"
    "@sentry/types" "5.30.0"
    tslib "^1.9.3"

"@sentry/types@5.30.0":
  version "5.30.0"
  resolved "https://registry.yarnpkg.com/@sentry/types/-/types-5.30.0.tgz#19709bbe12a1a0115bc790b8942917da5636f402"
  integrity sha512-R8xOqlSTZ+htqrfteCWU5Nk0CDN5ApUTvrlvBuiH1DyP6czDZ4ktbZB0hAgBlVcK0U+qpD3ag3Tqqpa5Q67rPw==

"@sentry/utils@5.30.0":
  version "5.30.0"
  resolved "https://registry.yarnpkg.com/@sentry/utils/-/utils-5.30.0.tgz#9a5bd7ccff85ccfe7856d493bffa64cabc41e980"
  integrity sha512-zaYmoH0NWWtvnJjC9/CBseXMtKHm/tm40sz3YfJRxeQjyzRqNQPgivpd9R/oDJCYj999mzdW382p/qi2ypjLww==
  dependencies:
    "@sentry/types" "5.30.0"
    tslib "^1.9.3"

core-js@^3.6.5:
  version "3.6.5"
  resolved "https://registry.yarnpkg.com/core-js/-/core-js-3.6.5.tgz#7395dc273af37fb2e50e9bd3d9fe841285231d1a"
  integrity sha512-vZVEEwZoIsI+vPEuoF9Iqf5H7/M3eeQqWlQnYa8FSKKePuYTf5MWnxb5SDAzCa60b3JBRS5g9b+Dq7b1y/RCrA==

custom-event-polyfill@^1.0.7:
  version "1.0.7"
  resolved "https://registry.yarnpkg.com/custom-event-polyfill/-/custom-event-polyfill-1.0.7.tgz#9bc993ddda937c1a30ccd335614c6c58c4f87aee"
  integrity sha512-TDDkd5DkaZxZFM8p+1I3yAlvM3rSr1wbrOliG4yJiwinMZN8z/iGL7BTlDkrJcYTmgUSb4ywVCc3ZaUtOtC76w==

shr-buttons@2.0.3:
  version "2.0.3"
  resolved "https://registry.yarnpkg.com/shr-buttons/-/shr-buttons-2.0.3.tgz#2ffd021fc3d789e1510ce2736b938bd09ea1da5a"
  integrity sha512-sPAgHiw4uaIt9TnxTfyZEedDChcldSVtnBHE44cpe/mSC7rqm4IEKZRLYqnVlTcGM+FSDNBPUNpSf50Q2ntd+w==

tslib@^1.9.3:
  version "1.11.1"
  resolved "https://registry.yarnpkg.com/tslib/-/tslib-1.11.1.tgz#eb15d128827fbee2841549e171f45ed338ac7e35"
  integrity sha512-aZW88SY8kQbU7gpV19lN24LtXh/yD4ZZg6qieAJDDg+YBsJcSmLGK9QpnUjAKVG/xefmvJGd1WUmfpT/g6AJGA==

url-polyfill@^1.1.10:
  version "1.1.10"
  resolved "https://registry.yarnpkg.com/url-polyfill/-/url-polyfill-1.1.10.tgz#fd5bbcf66c9491fa682b0cb6d6a855e1643a9281"
  integrity sha512-vSaPpaRgBrf41+Uky1myiSh6gpcbw8FpwHYnEy0abxndojOBnIs+yh/49gKYFLtUMP9qoNWjn6j9aUVy23Ie2A==
